
Microsoft Visual Studio Solution File, Format Version 12.00
# Visual Studio Version 17
VisualStudioVersion = 17.2.32427.441
MinimumVisualStudioVersion = 15.0.26124.0
Project("{9A19103F-16F7-4668-BE54-9A1E7A4F7556}") = "escape_ls.Client", "Client\escape_ls.Client.csproj", "{9EB0EDDA-79AC-4D49-AB10-EC402A899852}"
EndProject
Project("{9A19103F-16F7-4668-BE54-9A1E7A4F7556}") = "escape_ls.Server", "Server\escape_ls.Server.csproj", "{CC64906D-DABB-4499-ADDF-EBE1037A23CB}"
EndProject
Global
	GlobalSection(SolutionConfigurationPlatforms) = preSolution
		Debug|Any CPU = Debug|Any CPU
		Release|Any CPU = Release|Any CPU
	EndGlobalSection
	GlobalSection(ProjectConfigurationPlatforms) = postSolution
		{9EB0EDDA-79AC-4D49-AB10-EC402A899852}.Debug|Any CPU.ActiveCfg = Debug|Any CPU
		{9EB0EDDA-79AC-4D49-AB10-EC402A899852}.Debug|Any CPU.Build.0 = Debug|Any CPU
		{9EB0EDDA-79AC-4D49-AB10-EC402A899852}.Release|Any CPU.ActiveCfg = Release|Any CPU
		{9EB0EDDA-79AC-4D49-AB10-EC402A899852}.Release|Any CPU.Build.0 = Release|Any CPU
		{CC64906D-DABB-4499-ADDF-EBE1037A23CB}.Debug|Any CPU.ActiveCfg = Debug|Any CPU
		{CC64906D-DABB-4499-ADDF-EBE1037A23CB}.Debug|Any CPU.Build.0 = Debug|Any CPU
		{CC64906D-DABB-4499-ADDF-EBE1037A23CB}.Release|Any CPU.ActiveCfg = Release|Any CPU
		{CC64906D-DABB-4499-ADDF-EBE1037A23CB}.Release|Any CPU.Build.0 = Release|Any CPU
	EndGlobalSection
	GlobalSection(SolutionProperties) = preSolution
		HideSolutionNode = FALSE
	EndGlobalSection
	GlobalSection(ExtensibilityGlobals) = postSolution
		SolutionGuid = {0480FCBE-0127-4301-B048-76D415B23D7E}
	EndGlobalSection
EndGlobal
